
Microsoft Visual Studio Solution File, Format Version 12.00
# Visual Studio for Mac
Project("{FAE04EC0-301F-11D3-BF4B-00C04F79EFBC}") = "castor", "castor.csproj", "{E3282C64-4869-9471-AEDA-08125B114131}"
EndProject
Project("{FAE04EC0-301F-11D3-BF4B-00C04F79EFBC}") = "castor.Plugins", "castor.Plugins.csproj", "{FE84D0F8-04B3-BDB0-94DE-8D8D7C308E9D}"
EndProject
Project("{FAE04EC0-301F-11D3-BF4B-00C04F79EFBC}") = "castor.Editor", "castor.Editor.csproj", "{51AC1EFB-7652-AE80-7944-24FE7B0C60F6}"
EndProject
Global
	GlobalSection(SolutionConfigurationPlatforms) = preSolution
		Debug|Any CPU = Debug|Any CPU
		Release|Any CPU = Release|Any CPU
	EndGlobalSection
	GlobalSection(ProjectConfigurationPlatforms) = postSolution
		{E3282C64-4869-9471-AEDA-08125B114131}.Debug|Any CPU.ActiveCfg = Debug|Any CPU
		{E3282C64-4869-9471-AEDA-08125B114131}.Debug|Any CPU.Build.0 = Debug|Any CPU
		{E3282C64-4869-9471-AEDA-08125B114131}.Release|Any CPU.ActiveCfg = Release|Any CPU
		{E3282C64-4869-9471-AEDA-08125B114131}.Release|Any CPU.Build.0 = Release|Any CPU
		{FE84D0F8-04B3-BDB0-94DE-8D8D7C308E9D}.Debug|Any CPU.ActiveCfg = Debug|Any CPU
		{FE84D0F8-04B3-BDB0-94DE-8D8D7C308E9D}.Debug|Any CPU.Build.0 = Debug|Any CPU
		{FE84D0F8-04B3-BDB0-94DE-8D8D7C308E9D}.Release|Any CPU.ActiveCfg = Release|Any CPU
		{FE84D0F8-04B3-BDB0-94DE-8D8D7C308E9D}.Release|Any CPU.Build.0 = Release|Any CPU
		{51AC1EFB-7652-AE80-7944-24FE7B0C60F6}.Debug|Any CPU.ActiveCfg = Debug|Any CPU
		{51AC1EFB-7652-AE80-7944-24FE7B0C60F6}.Debug|Any CPU.Build.0 = Debug|Any CPU
		{51AC1EFB-7652-AE80-7944-24FE7B0C60F6}.Release|Any CPU.ActiveCfg = Release|Any CPU
		{51AC1EFB-7652-AE80-7944-24FE7B0C60F6}.Release|Any CPU.Build.0 = Release|Any CPU
	EndGlobalSection
	GlobalSection(SolutionProperties) = preSolution
		HideSolutionNode = FALSE
	EndGlobalSection
EndGlobal
